
Microsoft Visual Studio Solution File, Format Version 12.00
# Visual Studio Version 17
VisualStudioVersion = 17.11.35222.181
MinimumVisualStudioVersion = 10.0.40219.1
Project("{9A19103F-16F7-4668-BE54-9A1E7A4F7556}") = "Project Program 104", "Project Program 104\Project Program 104.csproj", "{2E03F394-DB85-43AE-8EF0-DFA1EE4AC8B2}"
EndProject
Project("{2150E333-8FDC-42A3-9474-1A3956D46DE8}") = "Inheritance", "Inheritance", "{A366C0F3-3A7B-4DD6-8F6E-B0605E40ED4D}"
EndProject
Project("{FAE04EC0-301F-11D3-BF4B-00C04F79EFBC}") = "Override Inheritance", "Override Inheritance\Override Inheritance.csproj", "{DB81AA76-557E-46C5-B696-85D5C4537B1D}"
EndProject
Project("{2150E333-8FDC-42A3-9474-1A3956D46DE8}") = "Switch", "Switch", "{3C0DC670-332E-4488-8844-F124A213399C}"
EndProject
Project("{FAE04EC0-301F-11D3-BF4B-00C04F79EFBC}") = "Switch", "Calculator\Switch.csproj", "{5C84A1D2-22F3-4079-B01C-F7CAF1A6BB2A}"
EndProject
Project("{2150E333-8FDC-42A3-9474-1A3956D46DE8}") = "Constructor", "Constructor", "{863F880E-6DC4-41F3-AB87-B8F4883F0B7B}"
EndProject
Project("{FAE04EC0-301F-11D3-BF4B-00C04F79EFBC}") = "Constructor", "Constructor\Constructor.csproj", "{909778E4-2A0A-4BD1-B507-5A106FB39F14}"
EndProject
Project("{2150E333-8FDC-42A3-9474-1A3956D46DE8}") = "Method", "Method", "{A8567070-11A2-4E07-AB7A-683C937B2139}"
EndProject
Project("{FAE04EC0-301F-11D3-BF4B-00C04F79EFBC}") = "Method", "NumSibling\Method.csproj", "{51305065-28C6-4D99-A920-58C80EB34FD9}"
EndProject
Project("{2150E333-8FDC-42A3-9474-1A3956D46DE8}") = "Abstract", "Abstract", "{CF0DDAC3-C6F9-42D6-9C22-EB25C8A124C9}"
EndProject
Project("{FAE04EC0-301F-11D3-BF4B-00C04F79EFBC}") = "Animal", "Animal\Animal.csproj", "{253DA69F-F85D-4E59-8063-FF90D6B2CD42}"
EndProject
Project("{2150E333-8FDC-42A3-9474-1A3956D46DE8}") = "Array", "Array", "{CC91E01B-6696-41C2-8388-AFC68FCCA461}"
EndProject
Project("{FAE04EC0-301F-11D3-BF4B-00C04F79EFBC}") = "Grade", "ConsoleApp1\Grade.csproj", "{35E6F356-7825-40ED-94A9-E5FFC84B0EC3}"
EndProject
Project("{2150E333-8FDC-42A3-9474-1A3956D46DE8}") = "Polymorphism", "Polymorphism", "{25BF6F3A-C38A-437B-99AD-77D8DE5983F4}"
EndProject
Project("{FAE04EC0-301F-11D3-BF4B-00C04F79EFBC}") = "Polymorphism", "Polymorphism\Polymorphism.csproj", "{2D3F1118-035B-40F4-88F0-F16A84AEFFD8}"
EndProject
Global
	GlobalSection(SolutionConfigurationPlatforms) = preSolution
		Debug|Any CPU = Debug|Any CPU
		Release|Any CPU = Release|Any CPU
	EndGlobalSection
	GlobalSection(ProjectConfigurationPlatforms) = postSolution
		{2E03F394-DB85-43AE-8EF0-DFA1EE4AC8B2}.Debug|Any CPU.ActiveCfg = Debug|Any CPU
		{2E03F394-DB85-43AE-8EF0-DFA1EE4AC8B2}.Debug|Any CPU.Build.0 = Debug|Any CPU
		{2E03F394-DB85-43AE-8EF0-DFA1EE4AC8B2}.Release|Any CPU.ActiveCfg = Release|Any CPU
		{2E03F394-DB85-43AE-8EF0-DFA1EE4AC8B2}.Release|Any CPU.Build.0 = Release|Any CPU
		{DB81AA76-557E-46C5-B696-85D5C4537B1D}.Debug|Any CPU.ActiveCfg = Debug|Any CPU
		{DB81AA76-557E-46C5-B696-85D5C4537B1D}.Debug|Any CPU.Build.0 = Debug|Any CPU
		{DB81AA76-557E-46C5-B696-85D5C4537B1D}.Release|Any CPU.ActiveCfg = Release|Any CPU
		{DB81AA76-557E-46C5-B696-85D5C4537B1D}.Release|Any CPU.Build.0 = Release|Any CPU
		{5C84A1D2-22F3-4079-B01C-F7CAF1A6BB2A}.Debug|Any CPU.ActiveCfg = Debug|Any CPU
		{5C84A1D2-22F3-4079-B01C-F7CAF1A6BB2A}.Debug|Any CPU.Build.0 = Debug|Any CPU
		{5C84A1D2-22F3-4079-B01C-F7CAF1A6BB2A}.Release|Any CPU.ActiveCfg = Release|Any CPU
		{5C84A1D2-22F3-4079-B01C-F7CAF1A6BB2A}.Release|Any CPU.Build.0 = Release|Any CPU
		{909778E4-2A0A-4BD1-B507-5A106FB39F14}.Debug|Any CPU.ActiveCfg = Debug|Any CPU
		{909778E4-2A0A-4BD1-B507-5A106FB39F14}.Debug|Any CPU.Build.0 = Debug|Any CPU
		{909778E4-2A0A-4BD1-B507-5A106FB39F14}.Release|Any CPU.ActiveCfg = Release|Any CPU
		{909778E4-2A0A-4BD1-B507-5A106FB39F14}.Release|Any CPU.Build.0 = Release|Any CPU
		{51305065-28C6-4D99-A920-58C80EB34FD9}.Debug|Any CPU.ActiveCfg = Debug|Any CPU
		{51305065-28C6-4D99-A920-58C80EB34FD9}.Debug|Any CPU.Build.0 = Debug|Any CPU
		{51305065-28C6-4D99-A920-58C80EB34FD9}.Release|Any CPU.ActiveCfg = Release|Any CPU
		{51305065-28C6-4D99-A920-58C80EB34FD9}.Release|Any CPU.Build.0 = Release|Any CPU
		{253DA69F-F85D-4E59-8063-FF90D6B2CD42}.Debug|Any CPU.ActiveCfg = Debug|Any CPU
		{253DA69F-F85D-4E59-8063-FF90D6B2CD42}.Debug|Any CPU.Build.0 = Debug|Any CPU
		{253DA69F-F85D-4E59-8063-FF90D6B2CD42}.Release|Any CPU.ActiveCfg = Release|Any CPU
		{253DA69F-F85D-4E59-8063-FF90D6B2CD42}.Release|Any CPU.Build.0 = Release|Any CPU
		{35E6F356-7825-40ED-94A9-E5FFC84B0EC3}.Debug|Any CPU.ActiveCfg = Debug|Any CPU
		{35E6F356-7825-40ED-94A9-E5FFC84B0EC3}.Debug|Any CPU.Build.0 = Debug|Any CPU
		{35E6F356-7825-40ED-94A9-E5FFC84B0EC3}.Release|Any CPU.ActiveCfg = Release|Any CPU
		{35E6F356-7825-40ED-94A9-E5FFC84B0EC3}.Release|Any CPU.Build.0 = Release|Any CPU
		{2D3F1118-035B-40F4-88F0-F16A84AEFFD8}.Debug|Any CPU.ActiveCfg = Debug|Any CPU
		{2D3F1118-035B-40F4-88F0-F16A84AEFFD8}.Debug|Any CPU.Build.0 = Debug|Any CPU
		{2D3F1118-035B-40F4-88F0-F16A84AEFFD8}.Release|Any CPU.ActiveCfg = Release|Any CPU
		{2D3F1118-035B-40F4-88F0-F16A84AEFFD8}.Release|Any CPU.Build.0 = Release|Any CPU
	EndGlobalSection
	GlobalSection(SolutionProperties) = preSolution
		HideSolutionNode = FALSE
	EndGlobalSection
	GlobalSection(NestedProjects) = preSolution
		{DB81AA76-557E-46C5-B696-85D5C4537B1D} = {A366C0F3-3A7B-4DD6-8F6E-B0605E40ED4D}
		{5C84A1D2-22F3-4079-B01C-F7CAF1A6BB2A} = {3C0DC670-332E-4488-8844-F124A213399C}
		{909778E4-2A0A-4BD1-B507-5A106FB39F14} = {863F880E-6DC4-41F3-AB87-B8F4883F0B7B}
		{51305065-28C6-4D99-A920-58C80EB34FD9} = {A8567070-11A2-4E07-AB7A-683C937B2139}
		{253DA69F-F85D-4E59-8063-FF90D6B2CD42} = {CF0DDAC3-C6F9-42D6-9C22-EB25C8A124C9}
		{35E6F356-7825-40ED-94A9-E5FFC84B0EC3} = {863F880E-6DC4-41F3-AB87-B8F4883F0B7B}
		{2D3F1118-035B-40F4-88F0-F16A84AEFFD8} = {25BF6F3A-C38A-437B-99AD-77D8DE5983F4}
	EndGlobalSection
	GlobalSection(ExtensibilityGlobals) = postSolution
		SolutionGuid = {61B370DA-A245-43F4-8469-49DA807FB5C5}
	EndGlobalSection
EndGlobal
