
Microsoft Visual Studio Solution File, Format Version 12.00
# Visual Studio Version 17
VisualStudioVersion = 17.11.35222.181
MinimumVisualStudioVersion = 10.0.40219.1
Project("{FAE04EC0-301F-11D3-BF4B-00C04F79EFBC}") = "SimpleCalculator", "SimpleCalculator\SimpleCalculator.csproj", "{BBA6B0D3-A9CA-4262-8BE4-E3D7BB6C9058}"
EndProject
Global
	GlobalSection(SolutionConfigurationPlatforms) = preSolution
		Debug|Any CPU = Debug|Any CPU
		Release|Any CPU = Release|Any CPU
	EndGlobalSection
	GlobalSection(ProjectConfigurationPlatforms) = postSolution
		{BBA6B0D3-A9CA-4262-8BE4-E3D7BB6C9058}.Debug|Any CPU.ActiveCfg = Debug|Any CPU
		{BBA6B0D3-A9CA-4262-8BE4-E3D7BB6C9058}.Debug|Any CPU.Build.0 = Debug|Any CPU
		{BBA6B0D3-A9CA-4262-8BE4-E3D7BB6C9058}.Release|Any CPU.ActiveCfg = Release|Any CPU
		{BBA6B0D3-A9CA-4262-8BE4-E3D7BB6C9058}.Release|Any CPU.Build.0 = Release|Any CPU
	EndGlobalSection
	GlobalSection(SolutionProperties) = preSolution
		HideSolutionNode = FALSE
	EndGlobalSection
	GlobalSection(ExtensibilityGlobals) = postSolution
		SolutionGuid = {11B2DC27-7688-47BC-912F-6AF358491B4E}
	EndGlobalSection
EndGlobal
